
Microsoft Visual Studio Solution File, Format Version 12.00
Project("{FAE04EC0-301F-11D3-BF4B-00C04F79EFBC}") = "CodeType", "CodeType\CodeType.csproj", "{78B4C442-2856-445C-9FBD-89E10D8BD59B}"
EndProject
Global
	GlobalSection(SolutionConfigurationPlatforms) = preSolution
		Debug|Any CPU = Debug|Any CPU
		Release|Any CPU = Release|Any CPU
	EndGlobalSection
	GlobalSection(ProjectConfigurationPlatforms) = postSolution
		{78B4C442-2856-445C-9FBD-89E10D8BD59B}.Debug|Any CPU.ActiveCfg = Debug|Any CPU
		{78B4C442-2856-445C-9FBD-89E10D8BD59B}.Debug|Any CPU.Build.0 = Debug|Any CPU
		{78B4C442-2856-445C-9FBD-89E10D8BD59B}.Release|Any CPU.ActiveCfg = Release|Any CPU
		{78B4C442-2856-445C-9FBD-89E10D8BD59B}.Release|Any CPU.Build.0 = Release|Any CPU
	EndGlobalSection
EndGlobal
